{
  "requires": true,
  "lockfileVersion": 1,
  "dependencies": {
    "@microsoft/tsdoc": {
      "version": "0.13.0",
      "resolved": "https://registry.npmjs.org/@microsoft/tsdoc/-/tsdoc-0.13.0.tgz",
      "integrity": "sha512-/8J+4DdvexBH1Qh1yR8VZ6bPay2DL/TDdmSIypAa3dAghJzsdaiZG8COvzpYIML6HV2UVN0g4qbuqzjG4YKgWg=="
    }
  }
}
